
Microsoft Visual Studio Solution File, Format Version 12.00
# Visual Studio Version 17
VisualStudioVersion = 17.0.32014.148
MinimumVisualStudioVersion = 10.0.40219.1
Project("{FAE04EC0-301F-11D3-BF4B-00C04F79EFBC}") = "task1", "task1\task1.csproj", "{6B2ADDF9-FE6F-4D55-8FD3-7C7C0372D6C0}"
EndProject
Global
	GlobalSection(SolutionConfigurationPlatforms) = preSolution
		Debug|Any CPU = Debug|Any CPU
		Release|Any CPU = Release|Any CPU
	EndGlobalSection
	GlobalSection(ProjectConfigurationPlatforms) = postSolution
		{6B2ADDF9-FE6F-4D55-8FD3-7C7C0372D6C0}.Debug|Any CPU.ActiveCfg = Debug|Any CPU
		{6B2ADDF9-FE6F-4D55-8FD3-7C7C0372D6C0}.Debug|Any CPU.Build.0 = Debug|Any CPU
		{6B2ADDF9-FE6F-4D55-8FD3-7C7C0372D6C0}.Release|Any CPU.ActiveCfg = Release|Any CPU
		{6B2ADDF9-FE6F-4D55-8FD3-7C7C0372D6C0}.Release|Any CPU.Build.0 = Release|Any CPU
	EndGlobalSection
	GlobalSection(SolutionProperties) = preSolution
		HideSolutionNode = FALSE
	EndGlobalSection
	GlobalSection(ExtensibilityGlobals) = postSolution
		SolutionGuid = {68E32606-6BCF-44A0-84CD-73D410394D1E}
	EndGlobalSection
EndGlobal
