
Microsoft Visual Studio Solution File, Format Version 12.00
# Visual Studio Version 17
VisualStudioVersion = 17.0.32126.317
MinimumVisualStudioVersion = 10.0.40219.1
Project("{FAE04EC0-301F-11D3-BF4B-00C04F79EFBC}") = "ЯПИС 1 лаб 3.2", "ЯПИС 1 лаб 3.2.csproj", "{DCA0B980-F750-42FA-9C13-27EC099395AA}"
EndProject
Global
	GlobalSection(SolutionConfigurationPlatforms) = preSolution
		Debug|Any CPU = Debug|Any CPU
		Release|Any CPU = Release|Any CPU
	EndGlobalSection
	GlobalSection(ProjectConfigurationPlatforms) = postSolution
		{DCA0B980-F750-42FA-9C13-27EC099395AA}.Debug|Any CPU.ActiveCfg = Debug|Any CPU
		{DCA0B980-F750-42FA-9C13-27EC099395AA}.Debug|Any CPU.Build.0 = Debug|Any CPU
		{DCA0B980-F750-42FA-9C13-27EC099395AA}.Release|Any CPU.ActiveCfg = Release|Any CPU
		{DCA0B980-F750-42FA-9C13-27EC099395AA}.Release|Any CPU.Build.0 = Release|Any CPU
	EndGlobalSection
	GlobalSection(SolutionProperties) = preSolution
		HideSolutionNode = FALSE
	EndGlobalSection
	GlobalSection(ExtensibilityGlobals) = postSolution
		SolutionGuid = {35390512-5A4B-42AB-AE4F-8B1771E33D0B}
	EndGlobalSection
EndGlobal
