
Microsoft Visual Studio Solution File, Format Version 12.00
# Visual Studio Version 17
VisualStudioVersion = 17.0.32112.339
MinimumVisualStudioVersion = 10.0.40219.1
Project("{FAE04EC0-301F-11D3-BF4B-00C04F79EFBC}") = "ЯПИС 1лаб 2", "ЯПИС 1лаб 2.csproj", "{82DA8976-7B03-462F-AE79-F3D9DF053E7A}"
EndProject
Global
	GlobalSection(SolutionConfigurationPlatforms) = preSolution
		Debug|Any CPU = Debug|Any CPU
		Release|Any CPU = Release|Any CPU
	EndGlobalSection
	GlobalSection(ProjectConfigurationPlatforms) = postSolution
		{82DA8976-7B03-462F-AE79-F3D9DF053E7A}.Debug|Any CPU.ActiveCfg = Debug|Any CPU
		{82DA8976-7B03-462F-AE79-F3D9DF053E7A}.Debug|Any CPU.Build.0 = Debug|Any CPU
		{82DA8976-7B03-462F-AE79-F3D9DF053E7A}.Release|Any CPU.ActiveCfg = Release|Any CPU
		{82DA8976-7B03-462F-AE79-F3D9DF053E7A}.Release|Any CPU.Build.0 = Release|Any CPU
	EndGlobalSection
	GlobalSection(SolutionProperties) = preSolution
		HideSolutionNode = FALSE
	EndGlobalSection
	GlobalSection(ExtensibilityGlobals) = postSolution
		SolutionGuid = {1CE62114-F3E1-4D4F-AEED-AC03A478B5AF}
	EndGlobalSection
EndGlobal
