
Microsoft Visual Studio Solution File, Format Version 12.00
# Visual Studio Version 16
VisualStudioVersion = 16.0.31829.152
MinimumVisualStudioVersion = 10.0.40219.1
Project("{FAE04EC0-301F-11D3-BF4B-00C04F79EFBC}") = "ex3(studio)", "ex3(studio)\ex3(studio).csproj", "{74B8D0B9-8954-48A0-B5FB-E840586E8889}"
EndProject
Global
	GlobalSection(SolutionConfigurationPlatforms) = preSolution
		Debug|Any CPU = Debug|Any CPU
		Release|Any CPU = Release|Any CPU
	EndGlobalSection
	GlobalSection(ProjectConfigurationPlatforms) = postSolution
		{74B8D0B9-8954-48A0-B5FB-E840586E8889}.Debug|Any CPU.ActiveCfg = Debug|Any CPU
		{74B8D0B9-8954-48A0-B5FB-E840586E8889}.Debug|Any CPU.Build.0 = Debug|Any CPU
		{74B8D0B9-8954-48A0-B5FB-E840586E8889}.Release|Any CPU.ActiveCfg = Release|Any CPU
		{74B8D0B9-8954-48A0-B5FB-E840586E8889}.Release|Any CPU.Build.0 = Release|Any CPU
	EndGlobalSection
	GlobalSection(SolutionProperties) = preSolution
		HideSolutionNode = FALSE
	EndGlobalSection
	GlobalSection(ExtensibilityGlobals) = postSolution
		SolutionGuid = {E46F1603-32CA-4FA5-8205-100C9F3BCA1D}
	EndGlobalSection
EndGlobal
