
Microsoft Visual Studio Solution File, Format Version 12.00
# Visual Studio Version 17
VisualStudioVersion = 17.0.32014.148
MinimumVisualStudioVersion = 10.0.40219.1
Project("{FAE04EC0-301F-11D3-BF4B-00C04F79EFBC}") = "yapis_2", "yapis_2\yapis_2.csproj", "{3EFAD110-ECA8-400A-8DB2-C314DD45DD8B}"
EndProject
Global
	GlobalSection(SolutionConfigurationPlatforms) = preSolution
		Debug|Any CPU = Debug|Any CPU
		Release|Any CPU = Release|Any CPU
	EndGlobalSection
	GlobalSection(ProjectConfigurationPlatforms) = postSolution
		{3EFAD110-ECA8-400A-8DB2-C314DD45DD8B}.Debug|Any CPU.ActiveCfg = Debug|Any CPU
		{3EFAD110-ECA8-400A-8DB2-C314DD45DD8B}.Debug|Any CPU.Build.0 = Debug|Any CPU
		{3EFAD110-ECA8-400A-8DB2-C314DD45DD8B}.Release|Any CPU.ActiveCfg = Release|Any CPU
		{3EFAD110-ECA8-400A-8DB2-C314DD45DD8B}.Release|Any CPU.Build.0 = Release|Any CPU
	EndGlobalSection
	GlobalSection(SolutionProperties) = preSolution
		HideSolutionNode = FALSE
	EndGlobalSection
	GlobalSection(ExtensibilityGlobals) = postSolution
		SolutionGuid = {E8E2E4B7-1CFD-4735-AF95-5C4800F374DA}
	EndGlobalSection
EndGlobal
